
Microsoft Visual Studio Solution File, Format Version 12.00
# Visual Studio Version 17
VisualStudioVersion = 17.11.35208.52
MinimumVisualStudioVersion = 10.0.40219.1
Project("{FAE04EC0-301F-11D3-BF4B-00C04F79EFBC}") = "AcentyShop", "AcentyShop\AcentyShop.csproj", "{1A029433-678A-4DE1-8A74-173ADE1B1FF5}"
EndProject
Project("{FAE04EC0-301F-11D3-BF4B-00C04F79EFBC}") = "AcentyShop_Winform", "AcentyShop_Winform\AcentyShop_Winform.csproj", "{E3680F61-6F6D-43EB-A247-B291CE3C1BF6}"
EndProject
Global
	GlobalSection(SolutionConfigurationPlatforms) = preSolution
		Debug|Any CPU = Debug|Any CPU
		Release|Any CPU = Release|Any CPU
	EndGlobalSection
	GlobalSection(ProjectConfigurationPlatforms) = postSolution
		{1A029433-678A-4DE1-8A74-173ADE1B1FF5}.Debug|Any CPU.ActiveCfg = Debug|Any CPU
		{1A029433-678A-4DE1-8A74-173ADE1B1FF5}.Debug|Any CPU.Build.0 = Debug|Any CPU
		{1A029433-678A-4DE1-8A74-173ADE1B1FF5}.Release|Any CPU.ActiveCfg = Release|Any CPU
		{1A029433-678A-4DE1-8A74-173ADE1B1FF5}.Release|Any CPU.Build.0 = Release|Any CPU
		{E3680F61-6F6D-43EB-A247-B291CE3C1BF6}.Debug|Any CPU.ActiveCfg = Debug|Any CPU
		{E3680F61-6F6D-43EB-A247-B291CE3C1BF6}.Debug|Any CPU.Build.0 = Debug|Any CPU
		{E3680F61-6F6D-43EB-A247-B291CE3C1BF6}.Release|Any CPU.ActiveCfg = Release|Any CPU
		{E3680F61-6F6D-43EB-A247-B291CE3C1BF6}.Release|Any CPU.Build.0 = Release|Any CPU
	EndGlobalSection
	GlobalSection(SolutionProperties) = preSolution
		HideSolutionNode = FALSE
	EndGlobalSection
	GlobalSection(ExtensibilityGlobals) = postSolution
		SolutionGuid = {5F4FB50D-57F3-4B1E-8BFF-C1A98DA5F84D}
	EndGlobalSection
EndGlobal
